
Microsoft Visual Studio Solution File, Format Version 12.00
# Visual Studio Version 17
VisualStudioVersion = 17.11.35327.3
MinimumVisualStudioVersion = 10.0.40219.1
Project("{FAE04EC0-301F-11D3-BF4B-00C04F79EFBC}") = "Practical4", "Practical4\Practical4.csproj", "{A3B7FD9F-E138-48E7-959C-FF57611C3AA7}"
EndProject
Global
	GlobalSection(SolutionConfigurationPlatforms) = preSolution
		Debug|Any CPU = Debug|Any CPU
		Release|Any CPU = Release|Any CPU
	EndGlobalSection
	GlobalSection(ProjectConfigurationPlatforms) = postSolution
		{A3B7FD9F-E138-48E7-959C-FF57611C3AA7}.Debug|Any CPU.ActiveCfg = Debug|Any CPU
		{A3B7FD9F-E138-48E7-959C-FF57611C3AA7}.Debug|Any CPU.Build.0 = Debug|Any CPU
		{A3B7FD9F-E138-48E7-959C-FF57611C3AA7}.Release|Any CPU.ActiveCfg = Release|Any CPU
		{A3B7FD9F-E138-48E7-959C-FF57611C3AA7}.Release|Any CPU.Build.0 = Release|Any CPU
	EndGlobalSection
	GlobalSection(SolutionProperties) = preSolution
		HideSolutionNode = FALSE
	EndGlobalSection
	GlobalSection(ExtensibilityGlobals) = postSolution
		SolutionGuid = {4AA6805D-0568-4FC3-8AED-64817DFC70BD}
	EndGlobalSection
EndGlobal
